
Microsoft Visual Studio Solution File, Format Version 12.00
# Visual Studio Version 17
VisualStudioVersion = 17.5.002.0
MinimumVisualStudioVersion = 10.0.40219.1
Project("{9A19103F-16F7-4668-BE54-9A1E7A4F7556}") = "src", "src\RouletteApi\RouletteApi.csproj", "{240383EE-8FBA-4AB0-92CE-0506FEEEBEBD}"
EndProject
Global
	GlobalSection(SolutionConfigurationPlatforms) = preSolution
		Debug|Any CPU = Debug|Any CPU
		Release|Any CPU = Release|Any CPU
	EndGlobalSection
	GlobalSection(ProjectConfigurationPlatforms) = postSolution
		{240383EE-8FBA-4AB0-92CE-0506FEEEBEBD}.Debug|Any CPU.ActiveCfg = Debug|Any CPU
		{240383EE-8FBA-4AB0-92CE-0506FEEEBEBD}.Debug|Any CPU.Build.0 = Debug|Any CPU
		{240383EE-8FBA-4AB0-92CE-0506FEEEBEBD}.Release|Any CPU.ActiveCfg = Release|Any CPU
		{240383EE-8FBA-4AB0-92CE-0506FEEEBEBD}.Release|Any CPU.Build.0 = Release|Any CPU
	EndGlobalSection
	GlobalSection(SolutionProperties) = preSolution
		HideSolutionNode = FALSE
	EndGlobalSection
	GlobalSection(ExtensibilityGlobals) = postSolution
		SolutionGuid = {A7E9B685-8C45-4CFF-B7FC-F746D5123479}
	EndGlobalSection
EndGlobal
